{
  "version": 4,
  "terraform_version": "1.7.5",
  "serial": 3,
  "lineage": "ebb2914c-6a2e-ae48-f9a3-207eea5ee2b5",
  "outputs": {},
  "resources": [
    {
      "mode": "managed",
      "type": "google_container_cluster",
      "name": "my_cluster",
      "provider": "provider[\"registry.terraform.io/hashicorp/google\"]",
      "instances": [
        {
          "schema_version": 2,
          "attributes": {
            "addons_config": [
              {
                "cloudrun_config": [],
                "config_connector_config": [],
                "dns_cache_config": [],
                "gce_persistent_disk_csi_driver_config": [
                  {
                    "enabled": true
                  }
                ],
                "gcp_filestore_csi_driver_config": [],
                "gcs_fuse_csi_driver_config": [],
                "gke_backup_agent_config": [],
                "horizontal_pod_autoscaling": [],
                "http_load_balancing": [],
                "network_policy_config": [
                  {
                    "disabled": true
                  }
                ]
              }
            ],
            "allow_net_admin": null,
            "authenticator_groups_config": [],
            "binary_authorization": [
              {
                "enabled": false,
                "evaluation_mode": ""
              }
            ],
            "cluster_autoscaling": [
              {
                "auto_provisioning_defaults": [],
                "autoscaling_profile": "BALANCED",
                "enabled": false,
                "resource_limits": []
              }
            ],
            "cluster_ipv4_cidr": "10.48.0.0/14",
            "confidential_nodes": [],
            "cost_management_config": [],
            "database_encryption": [
              {
                "key_name": "",
                "state": "DECRYPTED"
              }
            ],
            "datapath_provider": "",
            "default_max_pods_per_node": 110,
            "default_snat_status": [
              {
                "disabled": false
              }
            ],
            "deletion_protection": true,
            "description": "",
            "dns_config": [],
            "enable_autopilot": false,
            "enable_intranode_visibility": false,
            "enable_k8s_beta_apis": [],
            "enable_kubernetes_alpha": false,
            "enable_l4_ilb_subsetting": false,
            "enable_legacy_abac": false,
            "enable_shielded_nodes": true,
            "enable_tpu": false,
            "endpoint": "35.188.70.109",
            "fleet": [],
            "gateway_api_config": [],
            "id": "projects/kuberenetesassignment/locations/us-central1-c/clusters/democluster",
            "identity_service_config": [],
            "initial_node_count": 0,
            "ip_allocation_policy": [
              {
                "additional_pod_ranges_config": [],
                "cluster_ipv4_cidr_block": "10.48.0.0/14",
                "cluster_secondary_range_name": "gke-democluster-pods-62e61aaf",
                "pod_cidr_overprovision_config": [
                  {
                    "disabled": false
                  }
                ],
                "services_ipv4_cidr_block": "10.25.64.0/20",
                "services_secondary_range_name": "gke-democluster-services-62e61aaf",
                "stack_type": "IPV4"
              }
            ],
            "label_fingerprint": "a9dc16a7",
            "location": "us-central1-c",
            "logging_config": [
              {
                "enable_components": [
                  "SYSTEM_COMPONENTS",
                  "WORKLOADS"
                ]
              }
            ],
            "logging_service": "logging.googleapis.com/kubernetes",
            "maintenance_policy": [],
            "master_auth": [
              {
                "client_certificate": "",
                "client_certificate_config": [
                  {
                    "issue_client_certificate": false
                  }
                ],
                "client_key": "",
                "cluster_ca_certificate": "LS0tLS1CRUdJTiBDRVJUSUZJQ0FURS0tLS0tCk1JSUVMRENDQXBTZ0F3SUJBZ0lRS09kYXE5OTVDblp6K2g5OUM4eStuakFOQmdrcWhraUc5dzBCQVFzRkFEQXYKTVMwd0t3WURWUVFERXlSaE5qQXdPV1U0T0MwNU1tSXlMVFExT0dZdE9XSXpaQzFtTUdGa09URmlOR0UwTURjdwpJQmNOTWpRd016SXlNVFkxTWpVeVdoZ1BNakExTkRBek1UVXhOelV5TlRKYU1DOHhMVEFyQmdOVkJBTVRKR0UyCk1EQTVaVGc0TFRreVlqSXRORFU0WmkwNVlqTmtMV1l3WVdRNU1XSTBZVFF3TnpDQ0FhSXdEUVlKS29aSWh2Y04KQVFFQkJRQURnZ0dQQURDQ0FZb0NnZ0dCQUt1YW9sVFJWWk1KTjlHL0VpNVR3M1J3L2FwQm0xZ1ZaUXdiQnlDTQp6YjZ1MDVlbENiQ0w1ZE4zZUhzR0lHK3VaRk9FVlQxUGRPcjJsKzMrTmlrT1BLdjRDVG1rQW9Nc1JGcjBSdktFCngzQkRJTXZwL2xsWlQzQlBqNFZtYldFUVdUVGtIbHJPTThuMm9uNXhrd2FYTnlHVzZUNTF6RnpsRUlIaUt1VUkKb1R6blpMdmJjaFVpV2Fwa3Z1SGYwMVhzQm4vbE8xRVc0V0ZqVVlNS1FFVUtVbnpEdDVmSTFSdksxRDM0c0RTOQpwQm41QzNHaFJmT0dseFNMTUZHNkFmd2htdWJlTkh2S29zSWI4d1l3Ri9vS050bzk4TVlrRnJMd0tQK3BtOGFKClN1cWQzY2pnZ0R5YVFHQTU2SjVrc3lZdEVmQXVZVFFPWWxmc1o3U3hFK083OCt3ZU1ETmlnOEt2YmJSVEI0Y0wKYUg3dENOTlJ4OHZiTEVYT1FjdDlTWlZ0OTJoR09va1BMOWN6dVJ5dC9SdE5pc09BK1NiVnl3dXB6M1ROS0pBbwo1SmNETHhXV3pBcmdxU3N5RFFDdVBURFhRY01udExSdm42K3FIbjhKYTdkVkp0U01QdXZIaHNSRWFtczZqa2ZhCmZaSTA3L0VhK0xRTGt4Z29kM3I3blEzOTRRSURBUUFCbzBJd1FEQU9CZ05WSFE4QkFmOEVCQU1DQWdRd0R3WUQKVlIwVEFRSC9CQVV3QXdFQi96QWRCZ05WSFE0RUZnUVVQdnJ1YnpvbDJnazVJeGNCQzdpNno5NkV6YzB3RFFZSgpLb1pJaHZjTkFRRUxCUUFEZ2dHQkFGM00zTnR1RnRiejhNNEZuYXU0T1NLWDZCSkM4WklqZy9iSFFlL2tYM2pICk14eCtNbStkTWloZXA5ZXBySjB4WnY0M2ZnU05tcm45ZjRxT3VaVllqMlN4L1VWcXNrb0lkMUR1dE5pV3BKYmEKY2Nodk1CQjZiZUFLWngyTEpzOERDdEtqWjZ6SlY0M3N2OUtzUnR3eEpNUGFqN2NFSHl4b2x2Y2RqL1F4SVlDWApwMVplS0U1ek1NOTUvelhEV3NmZkhoc3BOTlFWemVodCtZN3dpL1RudnZwZzRXSXl5djBOT2xGNXR3Um82WHpnCk1Ga3lZTmNFOUVkREM3bUVWNnhjZGpVa1ZKclJWT1RlUjFIdEllVDJabHpXVWM0SktOM0p3ZURua3ZBMXkzVk4KRytqRG90a1c5c09GUmNmRXJwSjZHd2lTMFBSQW5FcXpjWHp5TVhrYmc0M0FodXd1bjJGd1BGaFJZNXlIcEpLbgovS3RLNG9qRmNIT0lqTU5zVjRiaVJKZ1V6THNDZ0c3UTc0bUtCc0FGeXEvYko0dWVUZ2RCSkRxTHFRQmxJZmtGCittVkhzbTB4d3pBbzdWdVp3SG5uQ0xINkI1ZUNuZkh5cC9ZNnlFWXh3U3ZWVUJnVkxGbG9SZDNmeGhjc1ltcHgKaU4xcldxZ1BwY09saVh3L1pxK0p5dz09Ci0tLS0tRU5EIENFUlRJRklDQVRFLS0tLS0K"
              }
            ],
            "master_authorized_networks_config": [],
            "master_version": "1.27.8-gke.1067004",
            "mesh_certificates": [],
            "min_master_version": null,
            "monitoring_config": [
              {
                "advanced_datapath_observability_config": [
                  {
                    "enable_metrics": false,
                    "enable_relay": false,
                    "relay_mode": "DISABLED"
                  }
                ],
                "enable_components": [
                  "SYSTEM_COMPONENTS"
                ],
                "managed_prometheus": [
                  {
                    "enabled": true
                  }
                ]
              }
            ],
            "monitoring_service": "monitoring.googleapis.com/kubernetes",
            "name": "democluster",
            "network": "projects/kuberenetesassignment/global/networks/default",
            "network_policy": [
              {
                "enabled": false,
                "provider": "PROVIDER_UNSPECIFIED"
              }
            ],
            "networking_mode": "VPC_NATIVE",
            "node_config": [
              {
                "advanced_machine_features": [],
                "boot_disk_kms_key": "",
                "confidential_nodes": [],
                "disk_size_gb": 100,
                "disk_type": "pd-balanced",
                "effective_taints": [],
                "enable_confidential_storage": false,
                "ephemeral_storage_local_ssd_config": [],
                "fast_socket": [],
                "gcfs_config": [],
                "guest_accelerator": [],
                "gvnic": [],
                "host_maintenance_policy": [],
                "image_type": "COS_CONTAINERD",
                "kubelet_config": [],
                "labels": {},
                "linux_node_config": [],
                "local_nvme_ssd_block_config": [],
                "local_ssd_count": 0,
                "logging_variant": "DEFAULT",
                "machine_type": "e2-medium",
                "metadata": {
                  "disable-legacy-endpoints": "true"
                },
                "min_cpu_platform": "",
                "node_group": "",
                "oauth_scopes": [
                  "https://www.googleapis.com/auth/compute",
                  "https://www.googleapis.com/auth/devstorage.read_only",
                  "https://www.googleapis.com/auth/logging.write",
                  "https://www.googleapis.com/auth/monitoring",
                  "https://www.googleapis.com/auth/service.management.readonly",
                  "https://www.googleapis.com/auth/servicecontrol",
                  "https://www.googleapis.com/auth/trace.append"
                ],
                "preemptible": false,
                "reservation_affinity": [],
                "resource_labels": {},
                "resource_manager_tags": {},
                "service_account": "default",
                "shielded_instance_config": [
                  {
                    "enable_integrity_monitoring": true,
                    "enable_secure_boot": false
                  }
                ],
                "sole_tenant_config": [],
                "spot": false,
                "tags": [],
                "taint": [],
                "workload_metadata_config": []
              }
            ],
            "node_locations": [],
            "node_pool": [
              {
                "autoscaling": [
                  {
                    "location_policy": "BALANCED",
                    "max_node_count": 1,
                    "min_node_count": 1,
                    "total_max_node_count": 0,
                    "total_min_node_count": 0
                  }
                ],
                "initial_node_count": 1,
                "instance_group_urls": [
                  "https://www.googleapis.com/compute/v1/projects/kuberenetesassignment/zones/us-central1-c/instanceGroupManagers/gke-democluster-default-pool-a3697325-grp"
                ],
                "managed_instance_group_urls": [
                  "https://www.googleapis.com/compute/v1/projects/kuberenetesassignment/zones/us-central1-c/instanceGroups/gke-democluster-default-pool-a3697325-grp"
                ],
                "management": [
                  {
                    "auto_repair": true,
                    "auto_upgrade": true
                  }
                ],
                "max_pods_per_node": 110,
                "name": "default-pool",
                "name_prefix": "",
                "network_config": [
                  {
                    "create_pod_range": false,
                    "enable_private_nodes": false,
                    "network_performance_config": [],
                    "pod_cidr_overprovision_config": [],
                    "pod_ipv4_cidr_block": "10.48.0.0/14",
                    "pod_range": "gke-democluster-pods-62e61aaf"
                  }
                ],
                "node_config": [
                  {
                    "advanced_machine_features": [],
                    "boot_disk_kms_key": "",
                    "confidential_nodes": [],
                    "disk_size_gb": 100,
                    "disk_type": "pd-balanced",
                    "effective_taints": [],
                    "enable_confidential_storage": false,
                    "ephemeral_storage_local_ssd_config": [],
                    "fast_socket": [],
                    "gcfs_config": [],
                    "guest_accelerator": [],
                    "gvnic": [],
                    "host_maintenance_policy": [],
                    "image_type": "COS_CONTAINERD",
                    "kubelet_config": [],
                    "labels": {},
                    "linux_node_config": [],
                    "local_nvme_ssd_block_config": [],
                    "local_ssd_count": 0,
                    "logging_variant": "DEFAULT",
                    "machine_type": "e2-medium",
                    "metadata": {
                      "disable-legacy-endpoints": "true"
                    },
                    "min_cpu_platform": "",
                    "node_group": "",
                    "oauth_scopes": [
                      "https://www.googleapis.com/auth/compute",
                      "https://www.googleapis.com/auth/devstorage.read_only",
                      "https://www.googleapis.com/auth/logging.write",
                      "https://www.googleapis.com/auth/monitoring",
                      "https://www.googleapis.com/auth/service.management.readonly",
                      "https://www.googleapis.com/auth/servicecontrol",
                      "https://www.googleapis.com/auth/trace.append"
                    ],
                    "preemptible": false,
                    "reservation_affinity": [],
                    "resource_labels": null,
                    "resource_manager_tags": null,
                    "service_account": "default",
                    "shielded_instance_config": [
                      {
                        "enable_integrity_monitoring": true,
                        "enable_secure_boot": false
                      }
                    ],
                    "sole_tenant_config": [],
                    "spot": false,
                    "tags": [],
                    "taint": [],
                    "workload_metadata_config": []
                  }
                ],
                "node_count": 1,
                "node_locations": [
                  "us-central1-c"
                ],
                "placement_policy": [],
                "queued_provisioning": [],
                "upgrade_settings": [
                  {
                    "blue_green_settings": [],
                    "max_surge": 1,
                    "max_unavailable": 0,
                    "strategy": "SURGE"
                  }
                ],
                "version": "1.27.8-gke.1067004"
              }
            ],
            "node_pool_auto_config": [],
            "node_pool_defaults": [
              {
                "node_config_defaults": [
                  {
                    "logging_variant": "DEFAULT"
                  }
                ]
              }
            ],
            "node_version": "1.27.8-gke.1067004",
            "notification_config": [
              {
                "pubsub": [
                  {
                    "enabled": false,
                    "filter": [],
                    "topic": ""
                  }
                ]
              }
            ],
            "operation": null,
            "private_cluster_config": [
              {
                "enable_private_endpoint": false,
                "enable_private_nodes": false,
                "master_global_access_config": [
                  {
                    "enabled": false
                  }
                ],
                "master_ipv4_cidr_block": "",
                "peering_name": "",
                "private_endpoint": "10.128.0.25",
                "private_endpoint_subnetwork": "",
                "public_endpoint": "35.188.70.109"
              }
            ],
            "private_ipv6_google_access": "",
            "project": "kuberenetesassignment",
            "release_channel": [
              {
                "channel": "REGULAR"
              }
            ],
            "remove_default_node_pool": null,
            "resource_labels": null,
            "resource_usage_export_config": [],
            "security_posture_config": [
              {
                "mode": "BASIC",
                "vulnerability_mode": "VULNERABILITY_MODE_UNSPECIFIED"
              }
            ],
            "self_link": "https://container.googleapis.com/v1/projects/kuberenetesassignment/zones/us-central1-c/clusters/democluster",
            "service_external_ips_config": [
              {
                "enabled": false
              }
            ],
            "services_ipv4_cidr": "10.25.64.0/20",
            "subnetwork": "projects/kuberenetesassignment/regions/us-central1/subnetworks/default",
            "timeouts": null,
            "tpu_ipv4_cidr_block": "",
            "vertical_pod_autoscaling": [],
            "workload_identity_config": []
          },
          "sensitive_attributes": [],
          "private": "eyJlMmJmYjczMC1lY2FhLTExZTYtOGY4OC0zNDM2M2JjN2M0YzAiOnsiY3JlYXRlIjoyNDAwMDAwMDAwMDAwLCJkZWxldGUiOjI0MDAwMDAwMDAwMDAsInJlYWQiOjI0MDAwMDAwMDAwMDAsInVwZGF0ZSI6MzYwMDAwMDAwMDAwMH0sInNjaGVtYV92ZXJzaW9uIjoiMiJ9"
        }
      ]
    }
  ],
  "check_results": null
}
